lockfileVersion: 5.3

specifiers:
  '@types/node': ^16.11.7
  eval5: ^1.4.7
  typescript: ^4.4.4

dependencies:
  eval5: 1.4.7

devDependencies:
  '@types/node': 16.11.21
  typescript: 4.5.5

packages:

  /@babel/runtime/7.16.7:
    resolution: {integrity: sha512-9E9FJowqAsytyOY6LG+1KuueckRL+aQW+mKvXRXnuFGyRAyepJPmEo9vgMfXUA6O9u3IeEdv9MAkppFcaQwogQ==}
    engines: {node: '>=6.9.0'}
    dependencies:
      regenerator-runtime: 0.13.9
    dev: false

  /@types/acorn/4.0.6:
    resolution: {integrity: sha512-veQTnWP+1D/xbxVrPC3zHnCZRjSrKfhbMUlEA43iMZLu7EsnTtkJklIuwrCPbOi8YkvDQAiW05VQQFvvz9oieQ==}
    dependencies:
      '@types/estree': 0.0.41
    dev: false

  /@types/estree/0.0.41:
    resolution: {integrity: sha512-rIAmXyJlqw4KEBO7+u9gxZZSQHaCNnIzYrnNmYVpgfJhxTqO0brCX0SYpqUTkVI5mwwUwzmtspLBGBKroMeynA==}
    dev: false

  /@types/node/16.11.21:
    resolution: {integrity: sha512-Pf8M1XD9i1ksZEcCP8vuSNwooJ/bZapNmIzpmsMaL+jMI+8mEYU3PKvs+xDNuQcJWF/x24WzY4qxLtB0zNow9A==}
    dev: true

  /acorn/7.4.1:
    resolution: {integrity: sha512-nQyp0o1/mNdbTO1PO6kHkwSrmgZ0MT/jCCpNiwbUjGoRN4dlBhqJtoQuCnEOKzgTVwg0ZWiCoQy6SxMebQVh8A==}
    engines: {node: '>=0.4.0'}
    hasBin: true
    dev: false

  /eval5/1.4.7:
    resolution: {integrity: sha512-GtNl5TyxeIE1VkZ8p4vgzeLkdh7UEn9qzLnSIh/aXKYiJc31i1tNGB0CZhPaXReIZIE59xTV39IsAdWY7P93UA==}
    dependencies:
      '@babel/runtime': 7.16.7
      '@types/acorn': 4.0.6
      '@types/estree': 0.0.41
      acorn: 7.4.1
    dev: false

  /regenerator-runtime/0.13.9:
    resolution: {integrity: sha512-p3VT+cOEgxFsRRA9X4lkI1E+k2/CtnKtU4gcxyaCUreilL/vqI6CdZ3wxVUx3UOUg+gnUOQQcRI7BmSI656MYA==}
    dev: false

  /typescript/4.5.5:
    resolution: {integrity: sha512-TCTIul70LyWe6IJWT8QSYeA54WQe8EjQFU4wY52Fasj5UKx88LNYKCgBEHcOMOrFF1rKGbD8v/xcNWVUq9SymA==}
    engines: {node: '>=4.2.0'}
    hasBin: true
    dev: true
