{
	"name": "@fmp/cli",
	"version": "0.0.0",
	"lockfileVersion": 1,
	"requires": true,
	"dependencies": {
		"@types/node": {
			"version": "16.11.6",
			"resolved": "https://registry.npmmirror.com/@types/node/download/@types/node-16.11.6.tgz",
			"integrity": "sha1-a+96KgrWhM9ukPz+Mc7KvZzgo64="
		},
		"accepts": {
			"version": "1.3.7",
			"resolved": "https://registry.npm.taobao.org/accepts/download/accepts-1.3.7.tgz",
			"integrity": "sha1-UxvHJlF6OytB+FACHGzBXqq1B80=",
			"requires": {
				"mime-types": "~2.1.24",
				"negotiator": "0.6.2"
			}
		},
		"ansi-styles": {
			"version": "4.3.0",
			"resolved": "https://registry.nlark.com/ansi-styles/download/ansi-styles-4.3.0.tgz?cache=0&sync_timestamp=1618995547052&other_urls=https%3A%2F%2Fregistry.nlark.com%2Fansi-styles%2Fdownload%2Fansi-styles-4.3.0.tgz",
			"integrity": "sha1-7dgDYornHATIWuegkG7a00tkiTc=",
			"requires": {
				"color-convert": "^2.0.1"
			}
		},
		"async": {
			"version": "0.9.2",
			"resolved": "https://registry.npmmirror.com/async/download/async-0.9.2.tgz?cache=0&sync_timestamp=1635442315580&other_urls=https%3A%2F%2Fregistry.npmmirror.com%2Fasync%2Fdownload%2Fasync-0.9.2.tgz",
			"integrity": "sha1-rqdNXmHB+JlhO/ZL2mbUx48v0X0="
		},
		"cache-content-type": {
			"version": "1.0.1",
			"resolved": "https://registry.npm.taobao.org/cache-content-type/download/cache-content-type-1.0.1.tgz",
			"integrity": "sha1-A1zeKwjuISn0qDFeqPAKANuhRTw=",
			"requires": {
				"mime-types": "^2.1.18",
				"ylru": "^1.2.0"
			}
		},
		"chalk": {
			"version": "4.1.2",
			"resolved": "https://registry.nlark.com/chalk/download/chalk-4.1.2.tgz?cache=0&sync_timestamp=1627646655305&other_urls=https%3A%2F%2Fregistry.nlark.com%2Fchalk%2Fdownload%2Fchalk-4.1.2.tgz",
			"integrity": "sha1-qsTit3NKdAhnrrFr8CqtVWoeegE=",
			"requires": {
				"ansi-styles": "^4.1.0",
				"supports-color": "^7.1.0"
			}
		},
		"co": {
			"version": "4.6.0",
			"resolved": "https://registry.npm.taobao.org/co/download/co-4.6.0.tgz",
			"integrity": "sha1-bqa989hTrlTMuOR7+gvz+QMfsYQ="
		},
		"color-convert": {
			"version": "2.0.1",
			"resolved": "https://registry.npm.taobao.org/color-convert/download/color-convert-2.0.1.tgz",
			"integrity": "sha1-ctOmjVmMm9s68q0ehPIdiWq9TeM=",
			"requires": {
				"color-name": "~1.1.4"
			}
		},
		"color-name": {
			"version": "1.1.4",
			"resolved": "https://registry.npm.taobao.org/color-name/download/color-name-1.1.4.tgz",
			"integrity": "sha1-wqCah6y95pVD3m9j+jmVyCbFNqI="
		},
		"colors": {
			"version": "1.4.0",
			"resolved": "https://registry.npm.taobao.org/colors/download/colors-1.4.0.tgz",
			"integrity": "sha1-xQSRR51MG9rtLJztMs98fcI2D3g="
		},
		"commander": {
			"version": "8.3.0",
			"resolved": "https://registry.npmmirror.com/commander/download/commander-8.3.0.tgz?cache=0&sync_timestamp=1634886357672&other_urls=https%3A%2F%2Fregistry.npmmirror.com%2Fcommander%2Fdownload%2Fcommander-8.3.0.tgz",
			"integrity": "sha1-SDfqGy2me5xhamevuw+v7lZ7ymY="
		},
		"content-disposition": {
			"version": "0.5.3",
			"resolved": "https://registry.npm.taobao.org/content-disposition/download/content-disposition-0.5.3.tgz",
			"integrity": "sha1-4TDK9+cnkIfFYWwgB9BIVpiYT70=",
			"requires": {
				"safe-buffer": "5.1.2"
			}
		},
		"content-type": {
			"version": "1.0.4",
			"resolved": "https://registry.npm.taobao.org/content-type/download/content-type-1.0.4.tgz",
			"integrity": "sha1-4TjMdeBAxyexlm/l5fjJruJW/js="
		},
		"cookies": {
			"version": "0.8.0",
			"resolved": "https://registry.npm.taobao.org/cookies/download/cookies-0.8.0.tgz",
			"integrity": "sha1-EpPOSzkXQKhAbjyYcOgoxLVPP5A=",
			"requires": {
				"depd": "~2.0.0",
				"keygrip": "~1.1.0"
			}
		},
		"cycle": {
			"version": "1.0.3",
			"resolved": "https://registry.npm.taobao.org/cycle/download/cycle-1.0.3.tgz",
			"integrity": "sha1-IegLK+hYD5i0aPN5QwZisEbDStI="
		},
		"debug": {
			"version": "4.3.2",
			"resolved": "https://registry.nlark.com/debug/download/debug-4.3.2.tgz?cache=0&sync_timestamp=1625374648057&other_urls=https%3A%2F%2Fregistry.nlark.com%2Fdebug%2Fdownload%2Fdebug-4.3.2.tgz",
			"integrity": "sha1-8KScGKyHeeMdSgxgKd+3aHPHQos=",
			"requires": {
				"ms": "2.1.2"
			}
		},
		"deep-equal": {
			"version": "1.0.1",
			"resolved": "https://registry.npm.taobao.org/deep-equal/download/deep-equal-1.0.1.tgz?cache=0&sync_timestamp=1606859943631&other_urls=https%3A%2F%2Fregistry.npm.taobao.org%2Fdeep-equal%2Fdownload%2Fdeep-equal-1.0.1.tgz",
			"integrity": "sha1-9dJgKStmDghO/0zbyfCK0yR0SLU="
		},
		"delegates": {
			"version": "1.0.0",
			"resolved": "https://registry.npm.taobao.org/delegates/download/delegates-1.0.0.tgz",
			"integrity": "sha1-hMbhWbgZBP3KWaDvRM2HDTElD5o="
		},
		"depd": {
			"version": "2.0.0",
			"resolved": "https://registry.npm.taobao.org/depd/download/depd-2.0.0.tgz",
			"integrity": "sha1-tpYWPMdXVg0JzyLMj60Vcbeedt8="
		},
		"destroy": {
			"version": "1.0.4",
			"resolved": "https://registry.npm.taobao.org/destroy/download/destroy-1.0.4.tgz",
			"integrity": "sha1-l4hXRCxEdJ5CBmE+N5RiBYJqvYA="
		},
		"ee-first": {
			"version": "1.1.1",
			"resolved": "https://registry.npm.taobao.org/ee-first/download/ee-first-1.1.1.tgz",
			"integrity": "sha1-WQxhFWsK4vTwJVcyoViyZrxWsh0="
		},
		"encodeurl": {
			"version": "1.0.2",
			"resolved": "https://registry.npm.taobao.org/encodeurl/download/encodeurl-1.0.2.tgz",
			"integrity": "sha1-rT/0yG7C0CkyL1oCw6mmBslbP1k="
		},
		"esbuild": {
			"version": "0.13.12",
			"resolved": "https://registry.npmmirror.com/esbuild/download/esbuild-0.13.12.tgz",
			"integrity": "sha1-nKxkFZS/A880FFJYwJPXQ+u958o=",
			"requires": {
				"esbuild-android-arm64": "0.13.12",
				"esbuild-darwin-64": "0.13.12",
				"esbuild-darwin-arm64": "0.13.12",
				"esbuild-freebsd-64": "0.13.12",
				"esbuild-freebsd-arm64": "0.13.12",
				"esbuild-linux-32": "0.13.12",
				"esbuild-linux-64": "0.13.12",
				"esbuild-linux-arm": "0.13.12",
				"esbuild-linux-arm64": "0.13.12",
				"esbuild-linux-mips64le": "0.13.12",
				"esbuild-linux-ppc64le": "0.13.12",
				"esbuild-netbsd-64": "0.13.12",
				"esbuild-openbsd-64": "0.13.12",
				"esbuild-sunos-64": "0.13.12",
				"esbuild-windows-32": "0.13.12",
				"esbuild-windows-64": "0.13.12",
				"esbuild-windows-arm64": "0.13.12"
			}
		},
		"esbuild-android-arm64": {
			"version": "0.13.12",
			"resolved": "https://registry.npmmirror.com/esbuild-android-arm64/download/esbuild-android-arm64-0.13.12.tgz?cache=0&sync_timestamp=1635657401958&other_urls=https%3A%2F%2Fregistry.npmmirror.com%2Fesbuild-android-arm64%2Fdownload%2Fesbuild-android-arm64-0.13.12.tgz",
			"integrity": "sha1-4fGZ3AVAXNxmcMAPtseTgiv4rkw=",
			"optional": true
		},
		"esbuild-darwin-64": {
			"version": "0.13.12",
			"resolved": "https://registry.npmmirror.com/esbuild-darwin-64/download/esbuild-darwin-64-0.13.12.tgz",
			"integrity": "sha1-9cWeYilVwB8FDlp6ycHUHbcUuU0=",
			"optional": true
		},
		"esbuild-darwin-arm64": {
			"version": "0.13.12",
			"resolved": "https://registry.npmmirror.com/esbuild-darwin-arm64/download/esbuild-darwin-arm64-0.13.12.tgz?cache=0&sync_timestamp=1635657375258&other_urls=https%3A%2F%2Fregistry.npmmirror.com%2Fesbuild-darwin-arm64%2Fdownload%2Fesbuild-darwin-arm64-0.13.12.tgz",
			"integrity": "sha1-irrnTClWqKpWj8UseIKTOMSkuYg=",
			"optional": true
		},
		"esbuild-freebsd-64": {
			"version": "0.13.12",
			"resolved": "https://registry.npmmirror.com/esbuild-freebsd-64/download/esbuild-freebsd-64-0.13.12.tgz?cache=0&sync_timestamp=1635657382242&other_urls=https%3A%2F%2Fregistry.npmmirror.com%2Fesbuild-freebsd-64%2Fdownload%2Fesbuild-freebsd-64-0.13.12.tgz",
			"integrity": "sha1-atKrjANk7n3S1uMk2Hao5grnXRI=",
			"optional": true
		},
		"esbuild-freebsd-arm64": {
			"version": "0.13.12",
			"resolved": "https://registry.npmmirror.com/esbuild-freebsd-arm64/download/esbuild-freebsd-arm64-0.13.12.tgz?cache=0&other_urls=https%3A%2F%2Fregistry.npmmirror.com%2Fesbuild-freebsd-arm64%2Fdownload%2Fesbuild-freebsd-arm64-0.13.12.tgz",
			"integrity": "sha1-bzgVX0wwCsTIrd4f3jzGpEQKgpQ=",
			"optional": true
		},
		"esbuild-linux-32": {
			"version": "0.13.12",
			"resolved": "https://registry.npmmirror.com/esbuild-linux-32/download/esbuild-linux-32-0.13.12.tgz?cache=0&sync_timestamp=1635657394431&other_urls=https%3A%2F%2Fregistry.npmmirror.com%2Fesbuild-linux-32%2Fdownload%2Fesbuild-linux-32-0.13.12.tgz",
			"integrity": "sha1-sdFeMwGIqMId51w/AFhiij7vrec=",
			"optional": true
		},
		"esbuild-linux-64": {
			"version": "0.13.12",
			"resolved": "https://registry.npmmirror.com/esbuild-linux-64/download/esbuild-linux-64-0.13.12.tgz",
			"integrity": "sha1-Jb1ktmFisCNI4y2PEuTJ7mHx0HA=",
			"optional": true
		},
		"esbuild-linux-arm": {
			"version": "0.13.12",
			"resolved": "https://registry.npmmirror.com/esbuild-linux-arm/download/esbuild-linux-arm-0.13.12.tgz?cache=0&sync_timestamp=1635657980314&other_urls=https%3A%2F%2Fregistry.npmmirror.com%2Fesbuild-linux-arm%2Fdownload%2Fesbuild-linux-arm-0.13.12.tgz",
			"integrity": "sha1-a8gclXv/InJWiMxjWcKaJXZb4Js=",
			"optional": true
		},
		"esbuild-linux-arm64": {
			"version": "0.13.12",
			"resolved": "https://registry.npmmirror.com/esbuild-linux-arm64/download/esbuild-linux-arm64-0.13.12.tgz?cache=0&sync_timestamp=1635657985700&other_urls=https%3A%2F%2Fregistry.npmmirror.com%2Fesbuild-linux-arm64%2Fdownload%2Fesbuild-linux-arm64-0.13.12.tgz",
			"integrity": "sha1-ulgimEV8xcmsgjonXeEXYgwGU38=",
			"optional": true
		},
		"esbuild-linux-mips64le": {
			"version": "0.13.12",
			"resolved": "https://registry.npmmirror.com/esbuild-linux-mips64le/download/esbuild-linux-mips64le-0.13.12.tgz?cache=0&sync_timestamp=1635657991247&other_urls=https%3A%2F%2Fregistry.npmmirror.com%2Fesbuild-linux-mips64le%2Fdownload%2Fesbuild-linux-mips64le-0.13.12.tgz",
			"integrity": "sha1-7zxKuj5YXYR8ut5ZRai0pcYsfOI=",
			"optional": true
		},
		"esbuild-linux-ppc64le": {
			"version": "0.13.12",
			"resolved": "https://registry.npmmirror.com/esbuild-linux-ppc64le/download/esbuild-linux-ppc64le-0.13.12.tgz?cache=0&sync_timestamp=1635657416015&other_urls=https%3A%2F%2Fregistry.npmmirror.com%2Fesbuild-linux-ppc64le%2Fdownload%2Fesbuild-linux-ppc64le-0.13.12.tgz",
			"integrity": "sha1-oh+2ToDDi+8GEi5IKDmQ/G21eOE=",
			"optional": true
		},
		"esbuild-netbsd-64": {
			"version": "0.13.12",
			"resolved": "https://registry.npmmirror.com/esbuild-netbsd-64/download/esbuild-netbsd-64-0.13.12.tgz?cache=0&sync_timestamp=1635657417330&other_urls=https%3A%2F%2Fregistry.npmmirror.com%2Fesbuild-netbsd-64%2Fdownload%2Fesbuild-netbsd-64-0.13.12.tgz",
			"integrity": "sha1-Hqf8jPzoiiCkBHuGfvGEBJpmQa4=",
			"optional": true
		},
		"esbuild-openbsd-64": {
			"version": "0.13.12",
			"resolved": "https://registry.npmmirror.com/esbuild-openbsd-64/download/esbuild-openbsd-64-0.13.12.tgz?cache=0&sync_timestamp=1635657418495&other_urls=https%3A%2F%2Fregistry.npmmirror.com%2Fesbuild-openbsd-64%2Fdownload%2Fesbuild-openbsd-64-0.13.12.tgz",
			"integrity": "sha1-rd4y8vGwXcS9T8VE1upaQ3n5yk0=",
			"optional": true
		},
		"esbuild-sunos-64": {
			"version": "0.13.12",
			"resolved": "https://registry.npmmirror.com/esbuild-sunos-64/download/esbuild-sunos-64-0.13.12.tgz?cache=0&sync_timestamp=1635657419814&other_urls=https%3A%2F%2Fregistry.npmmirror.com%2Fesbuild-sunos-64%2Fdownload%2Fesbuild-sunos-64-0.13.12.tgz",
			"integrity": "sha1-p+yvUrc2T77nbciqcH+j4c/zNCw=",
			"optional": true
		},
		"esbuild-windows-32": {
			"version": "0.13.12",
			"resolved": "https://registry.npmmirror.com/esbuild-windows-32/download/esbuild-windows-32-0.13.12.tgz?cache=0&sync_timestamp=1635657421280&other_urls=https%3A%2F%2Fregistry.npmmirror.com%2Fesbuild-windows-32%2Fdownload%2Fesbuild-windows-32-0.13.12.tgz",
			"integrity": "sha1-qHVgM9yQXEt76hm+affuaICfh3A=",
			"optional": true
		},
		"esbuild-windows-64": {
			"version": "0.13.12",
			"resolved": "https://registry.npmmirror.com/esbuild-windows-64/download/esbuild-windows-64-0.13.12.tgz?cache=0&sync_timestamp=1635657422717&other_urls=https%3A%2F%2Fregistry.npmmirror.com%2Fesbuild-windows-64%2Fdownload%2Fesbuild-windows-64-0.13.12.tgz",
			"integrity": "sha1-rmlKpmygeKy4UJstoxGX7R9A95g=",
			"optional": true
		},
		"esbuild-windows-arm64": {
			"version": "0.13.12",
			"resolved": "https://registry.npmmirror.com/esbuild-windows-arm64/download/esbuild-windows-arm64-0.13.12.tgz?cache=0&sync_timestamp=1635657423862&other_urls=https%3A%2F%2Fregistry.npmmirror.com%2Fesbuild-windows-arm64%2Fdownload%2Fesbuild-windows-arm64-0.13.12.tgz",
			"integrity": "sha1-eCxai9bXF+pVqq/mSPmSbKNqSog=",
			"optional": true
		},
		"escape-html": {
			"version": "1.0.3",
			"resolved": "https://registry.npm.taobao.org/escape-html/download/escape-html-1.0.3.tgz",
			"integrity": "sha1-Aljq5NPQwJdN4cFpGI7wBR0dGYg="
		},
		"eyes": {
			"version": "0.1.8",
			"resolved": "https://registry.npm.taobao.org/eyes/download/eyes-0.1.8.tgz",
			"integrity": "sha1-Ys8SAjTGg3hdkCNIqADvPgzCC8A="
		},
		"fresh": {
			"version": "0.5.2",
			"resolved": "https://registry.npm.taobao.org/fresh/download/fresh-0.5.2.tgz",
			"integrity": "sha1-PYyt2Q2XZWn6g1qx+OSyOhBWBac="
		},
		"has-flag": {
			"version": "4.0.0",
			"resolved": "https://registry.nlark.com/has-flag/download/has-flag-4.0.0.tgz?cache=0&sync_timestamp=1626715907927&other_urls=https%3A%2F%2Fregistry.nlark.com%2Fhas-flag%2Fdownload%2Fhas-flag-4.0.0.tgz",
			"integrity": "sha1-lEdx/ZyByBJlxNaUGGDaBrtZR5s="
		},
		"has-symbols": {
			"version": "1.0.2",
			"resolved": "https://registry.npm.taobao.org/has-symbols/download/has-symbols-1.0.2.tgz",
			"integrity": "sha1-Fl0wcMADCXUqEjakeTMeOsVvFCM="
		},
		"has-tostringtag": {
			"version": "1.0.0",
			"resolved": "https://registry.nlark.com/has-tostringtag/download/has-tostringtag-1.0.0.tgz?cache=0&sync_timestamp=1628198671004&other_urls=https%3A%2F%2Fregistry.nlark.com%2Fhas-tostringtag%2Fdownload%2Fhas-tostringtag-1.0.0.tgz",
			"integrity": "sha1-fhM4GKfTlHNPlB5zw9P5KR5liyU=",
			"requires": {
				"has-symbols": "^1.0.2"
			}
		},
		"http-assert": {
			"version": "1.5.0",
			"resolved": "https://registry.nlark.com/http-assert/download/http-assert-1.5.0.tgz?cache=0&sync_timestamp=1629871581153&other_urls=https%3A%2F%2Fregistry.nlark.com%2Fhttp-assert%2Fdownload%2Fhttp-assert-1.5.0.tgz",
			"integrity": "sha1-w4nM2HrBbtLfpiRv1zuSaqAOa48=",
			"requires": {
				"deep-equal": "~1.0.1",
				"http-errors": "~1.8.0"
			}
		},
		"http-errors": {
			"version": "1.8.0",
			"resolved": "https://registry.npm.taobao.org/http-errors/download/http-errors-1.8.0.tgz",
			"integrity": "sha1-ddG75JfhBE9R5O6ecEpi8o0zZQc=",
			"requires": {
				"depd": "~1.1.2",
				"inherits": "2.0.4",
				"setprototypeof": "1.2.0",
				"statuses": ">= 1.5.0 < 2",
				"toidentifier": "1.0.0"
			},
			"dependencies": {
				"depd": {
					"version": "1.1.2",
					"resolved": "https://registry.npm.taobao.org/depd/download/depd-1.1.2.tgz",
					"integrity": "sha1-m81S4UwJd2PnSbJ0xDRu0uVgtak="
				}
			}
		},
		"inherits": {
			"version": "2.0.4",
			"resolved": "https://registry.npm.taobao.org/inherits/download/inherits-2.0.4.tgz?cache=0&sync_timestamp=1606706255906&other_urls=https%3A%2F%2Fregistry.npm.taobao.org%2Finherits%2Fdownload%2Finherits-2.0.4.tgz",
			"integrity": "sha1-D6LGT5MpF8NDOg3tVTY6rjdBa3w="
		},
		"is-generator-function": {
			"version": "1.0.10",
			"resolved": "https://registry.nlark.com/is-generator-function/download/is-generator-function-1.0.10.tgz",
			"integrity": "sha1-8VWLrxrBfg3up8BBXEODUf8rPHI=",
			"requires": {
				"has-tostringtag": "^1.0.0"
			}
		},
		"isstream": {
			"version": "0.1.2",
			"resolved": "https://registry.npm.taobao.org/isstream/download/isstream-0.1.2.tgz",
			"integrity": "sha1-R+Y/evVa+m+S4VAOaQ64uFKcCZo="
		},
		"keygrip": {
			"version": "1.1.0",
			"resolved": "https://registry.npm.taobao.org/keygrip/download/keygrip-1.1.0.tgz",
			"integrity": "sha1-hxsWgdXhWcYqRFsMdLYV4JF+ciY=",
			"requires": {
				"tsscmp": "1.0.6"
			}
		},
		"koa": {
			"version": "2.13.4",
			"resolved": "https://registry.npmmirror.com/koa/download/koa-2.13.4.tgz",
			"integrity": "sha1-7lsMs54LgGnDjRFROcd0gz0yRi4=",
			"requires": {
				"accepts": "^1.3.5",
				"cache-content-type": "^1.0.0",
				"content-disposition": "~0.5.2",
				"content-type": "^1.0.4",
				"cookies": "~0.8.0",
				"debug": "^4.3.2",
				"delegates": "^1.0.0",
				"depd": "^2.0.0",
				"destroy": "^1.0.4",
				"encodeurl": "^1.0.2",
				"escape-html": "^1.0.3",
				"fresh": "~0.5.2",
				"http-assert": "^1.3.0",
				"http-errors": "^1.6.3",
				"is-generator-function": "^1.0.7",
				"koa-compose": "^4.1.0",
				"koa-convert": "^2.0.0",
				"on-finished": "^2.3.0",
				"only": "~0.0.2",
				"parseurl": "^1.3.2",
				"statuses": "^1.5.0",
				"type-is": "^1.6.16",
				"vary": "^1.1.2"
			}
		},
		"koa-compose": {
			"version": "4.1.0",
			"resolved": "https://registry.nlark.com/koa-compose/download/koa-compose-4.1.0.tgz",
			"integrity": "sha1-UHMGuTcZAdtBEhyBLpI9DWfT6Hc="
		},
		"koa-convert": {
			"version": "2.0.0",
			"resolved": "https://registry.npm.taobao.org/koa-convert/download/koa-convert-2.0.0.tgz",
			"integrity": "sha1-hqDETYHUBVG64i/uZwmQRXPupPU=",
			"requires": {
				"co": "^4.6.0",
				"koa-compose": "^4.1.0"
			}
		},
		"koa-send": {
			"version": "5.0.1",
			"resolved": "https://registry.nlark.com/koa-send/download/koa-send-5.0.1.tgz",
			"integrity": "sha1-Odzuv6+zldDWC+r/ujpwtPVD/nk=",
			"requires": {
				"debug": "^4.1.1",
				"http-errors": "^1.7.3",
				"resolve-path": "^1.4.0"
			}
		},
		"koa-static": {
			"version": "5.0.0",
			"resolved": "https://registry.npm.taobao.org/koa-static/download/koa-static-5.0.0.tgz",
			"integrity": "sha1-XpL8lrU3rVIZ9CUxnJW2R3J3aUM=",
			"requires": {
				"debug": "^3.1.0",
				"koa-send": "^5.0.0"
			},
			"dependencies": {
				"debug": {
					"version": "3.2.7",
					"resolved": "https://registry.nlark.com/debug/download/debug-3.2.7.tgz?cache=0&sync_timestamp=1625374648057&other_urls=https%3A%2F%2Fregistry.nlark.com%2Fdebug%2Fdownload%2Fdebug-3.2.7.tgz",
					"integrity": "sha1-clgLfpFF+zm2Z2+cXl+xALk0F5o=",
					"requires": {
						"ms": "^2.1.1"
					}
				}
			}
		},
		"media-typer": {
			"version": "0.3.0",
			"resolved": "https://registry.npm.taobao.org/media-typer/download/media-typer-0.3.0.tgz",
			"integrity": "sha1-hxDXrwqmJvj/+hzgAWhUUmMlV0g="
		},
		"mime-db": {
			"version": "1.50.0",
			"resolved": "https://registry.nlark.com/mime-db/download/mime-db-1.50.0.tgz?cache=0&sync_timestamp=1631863129751&other_urls=https%3A%2F%2Fregistry.nlark.com%2Fmime-db%2Fdownload%2Fmime-db-1.50.0.tgz",
			"integrity": "sha1-q9SslOmNPA4YUBbGerRdX95AwR8="
		},
		"mime-types": {
			"version": "2.1.33",
			"resolved": "https://registry.npmmirror.com/mime-types/download/mime-types-2.1.33.tgz?cache=0&sync_timestamp=1633108241037&other_urls=https%3A%2F%2Fregistry.npmmirror.com%2Fmime-types%2Fdownload%2Fmime-types-2.1.33.tgz",
			"integrity": "sha1-H6EqkERy+v0GjkjZ6EAfdNP3Dts=",
			"requires": {
				"mime-db": "1.50.0"
			}
		},
		"ms": {
			"version": "2.1.2",
			"resolved": "https://registry.npmmirror.com/ms/download/ms-2.1.2.tgz",
			"integrity": "sha1-0J0fNXtEP0kzgqjrPM0YOHKuYAk="
		},
		"mute-stream": {
			"version": "0.0.8",
			"resolved": "https://registry.npm.taobao.org/mute-stream/download/mute-stream-0.0.8.tgz",
			"integrity": "sha1-FjDEKyJR/4HiooPelqVJfqkuXg0="
		},
		"negotiator": {
			"version": "0.6.2",
			"resolved": "https://registry.npm.taobao.org/negotiator/download/negotiator-0.6.2.tgz",
			"integrity": "sha1-/qz3zPUlp3rpY0Q2pkiD/+yjRvs="
		},
		"on-finished": {
			"version": "2.3.0",
			"resolved": "https://registry.npm.taobao.org/on-finished/download/on-finished-2.3.0.tgz",
			"integrity": "sha1-IPEzZIGwg811M3mSoWlxqi2QaUc=",
			"requires": {
				"ee-first": "1.1.1"
			}
		},
		"only": {
			"version": "0.0.2",
			"resolved": "https://registry.npm.taobao.org/only/download/only-0.0.2.tgz",
			"integrity": "sha1-Kv3oTQPlC5qO3EROMGEKcCle37Q="
		},
		"parseurl": {
			"version": "1.3.3",
			"resolved": "https://registry.npm.taobao.org/parseurl/download/parseurl-1.3.3.tgz",
			"integrity": "sha1-naGee+6NEt/wUT7Vt2lXeTvC6NQ="
		},
		"path-is-absolute": {
			"version": "1.0.1",
			"resolved": "https://registry.npm.taobao.org/path-is-absolute/download/path-is-absolute-1.0.1.tgz",
			"integrity": "sha1-F0uSaHNVNP+8es5r9TpanhtcX18="
		},
		"prompt": {
			"version": "1.2.0",
			"resolved": "https://registry.nlark.com/prompt/download/prompt-1.2.0.tgz",
			"integrity": "sha1-XY8dkBF2a6wHq95RDb9DONh7TwI=",
			"requires": {
				"async": "~0.9.0",
				"colors": "^1.1.2",
				"read": "1.0.x",
				"revalidator": "0.1.x",
				"winston": "2.x"
			}
		},
		"read": {
			"version": "1.0.7",
			"resolved": "https://registry.nlark.com/read/download/read-1.0.7.tgz",
			"integrity": "sha1-s9oZvQUkMal2cdRKQmNK33ELQMQ=",
			"requires": {
				"mute-stream": "~0.0.4"
			}
		},
		"resolve-path": {
			"version": "1.4.0",
			"resolved": "https://registry.npm.taobao.org/resolve-path/download/resolve-path-1.4.0.tgz",
			"integrity": "sha1-xL2p9e+y/OZSR4c6s2u02DT+Fvc=",
			"requires": {
				"http-errors": "~1.6.2",
				"path-is-absolute": "1.0.1"
			},
			"dependencies": {
				"depd": {
					"version": "1.1.2",
					"resolved": "https://registry.npm.taobao.org/depd/download/depd-1.1.2.tgz",
					"integrity": "sha1-m81S4UwJd2PnSbJ0xDRu0uVgtak="
				},
				"http-errors": {
					"version": "1.6.3",
					"resolved": "https://registry.npm.taobao.org/http-errors/download/http-errors-1.6.3.tgz",
					"integrity": "sha1-i1VoC7S+KDoLW/TqLjhYC+HZMg0=",
					"requires": {
						"depd": "~1.1.2",
						"inherits": "2.0.3",
						"setprototypeof": "1.1.0",
						"statuses": ">= 1.4.0 < 2"
					}
				},
				"inherits": {
					"version": "2.0.3",
					"resolved": "https://registry.npm.taobao.org/inherits/download/inherits-2.0.3.tgz?cache=0&sync_timestamp=1606706255906&other_urls=https%3A%2F%2Fregistry.npm.taobao.org%2Finherits%2Fdownload%2Finherits-2.0.3.tgz",
					"integrity": "sha1-Yzwsg+PaQqUC9SRmAiSA9CCCYd4="
				},
				"setprototypeof": {
					"version": "1.1.0",
					"resolved": "https://registry.npm.taobao.org/setprototypeof/download/setprototypeof-1.1.0.tgz",
					"integrity": "sha1-0L2FU2iHtv58DYGMuWLZ2RxU5lY="
				}
			}
		},
		"revalidator": {
			"version": "0.1.8",
			"resolved": "https://registry.npm.taobao.org/revalidator/download/revalidator-0.1.8.tgz",
			"integrity": "sha1-/s5hv6DBtSoga9axgZgYS91SOjs="
		},
		"safe-buffer": {
			"version": "5.1.2",
			"resolved": "https://registry.npm.taobao.org/safe-buffer/download/safe-buffer-5.1.2.tgz",
			"integrity": "sha1-mR7GnSluAxN0fVm9/St0XDX4go0="
		},
		"setprototypeof": {
			"version": "1.2.0",
			"resolved": "https://registry.npm.taobao.org/setprototypeof/download/setprototypeof-1.2.0.tgz",
			"integrity": "sha1-ZsmiSnP5/CjL5msJ/tPTPcrxtCQ="
		},
		"stack-trace": {
			"version": "0.0.10",
			"resolved": "https://registry.nlark.com/stack-trace/download/stack-trace-0.0.10.tgz?cache=0&sync_timestamp=1620387179562&other_urls=https%3A%2F%2Fregistry.nlark.com%2Fstack-trace%2Fdownload%2Fstack-trace-0.0.10.tgz",
			"integrity": "sha1-VHxws0fo0ytOEI6hoqFZ5f3eGcA="
		},
		"statuses": {
			"version": "1.5.0",
			"resolved": "https://registry.npm.taobao.org/statuses/download/statuses-1.5.0.tgz?cache=0&sync_timestamp=1609653993999&other_urls=https%3A%2F%2Fregistry.npm.taobao.org%2Fstatuses%2Fdownload%2Fstatuses-1.5.0.tgz",
			"integrity": "sha1-Fhx9rBd2Wf2YEfQ3cfqZOBR4Yow="
		},
		"supports-color": {
			"version": "7.2.0",
			"resolved": "https://registry.nlark.com/supports-color/download/supports-color-7.2.0.tgz",
			"integrity": "sha1-G33NyzK4E4gBs+R4umpRyqiWSNo=",
			"requires": {
				"has-flag": "^4.0.0"
			}
		},
		"toidentifier": {
			"version": "1.0.0",
			"resolved": "https://registry.npm.taobao.org/toidentifier/download/toidentifier-1.0.0.tgz",
			"integrity": "sha1-fhvjRw8ed5SLxD2Uo8j013UrpVM="
		},
		"tsscmp": {
			"version": "1.0.6",
			"resolved": "https://registry.npm.taobao.org/tsscmp/download/tsscmp-1.0.6.tgz",
			"integrity": "sha1-hbmVg6w1iexL/vgltQAKqRHWBes="
		},
		"type-is": {
			"version": "1.6.18",
			"resolved": "https://registry.npm.taobao.org/type-is/download/type-is-1.6.18.tgz",
			"integrity": "sha1-TlUs0F3wlGfcvE73Od6J8s83wTE=",
			"requires": {
				"media-typer": "0.3.0",
				"mime-types": "~2.1.24"
			}
		},
		"typescript": {
			"version": "4.4.4",
			"resolved": "https://registry.npmmirror.com/typescript/download/typescript-4.4.4.tgz?cache=0&sync_timestamp=1636269605437&other_urls=https%3A%2F%2Fregistry.npmmirror.com%2Ftypescript%2Fdownload%2Ftypescript-4.4.4.tgz",
			"integrity": "sha1-LNAaGh8WBwTTEB/VpY/w+fy4Aww="
		},
		"vary": {
			"version": "1.1.2",
			"resolved": "https://registry.npm.taobao.org/vary/download/vary-1.1.2.tgz",
			"integrity": "sha1-IpnwLG3tMNSllhsLn3RSShj2NPw="
		},
		"winston": {
			"version": "2.4.5",
			"resolved": "https://registry.npm.taobao.org/winston/download/winston-2.4.5.tgz",
			"integrity": "sha1-8uQx1WFUxOp2VUX8EAO9NAyVtZo=",
			"requires": {
				"async": "~1.0.0",
				"colors": "1.0.x",
				"cycle": "1.0.x",
				"eyes": "0.1.x",
				"isstream": "0.1.x",
				"stack-trace": "0.0.x"
			},
			"dependencies": {
				"async": {
					"version": "1.0.0",
					"resolved": "https://registry.npmmirror.com/async/download/async-1.0.0.tgz?cache=0&sync_timestamp=1635442315580&other_urls=https%3A%2F%2Fregistry.npmmirror.com%2Fasync%2Fdownload%2Fasync-1.0.0.tgz",
					"integrity": "sha1-+PwEyjoTeErenhZBr5hXjPvWR6k="
				},
				"colors": {
					"version": "1.0.3",
					"resolved": "https://registry.npm.taobao.org/colors/download/colors-1.0.3.tgz",
					"integrity": "sha1-BDP0TYCWgP3rYO0mDxsMJi6CpAs="
				}
			}
		},
		"ylru": {
			"version": "1.2.1",
			"resolved": "https://registry.npm.taobao.org/ylru/download/ylru-1.2.1.tgz",
			"integrity": "sha1-9Xa2M0FUeYnB3nuiiHYJI7J/6E8="
		}
	}
}
